
Microsoft Visual Studio Solution File, Format Version 12.00
# Visual Studio 14
VisualStudioVersion = 14.0.23107.0
MinimumVisualStudioVersion = 10.0.40219.1
Project("{FAE04EC0-301F-11D3-BF4B-00C04F79EFBC}") = "PRPproto", "PRPproto\PRPproto.csproj", "{61388360-2721-469F-905D-78E47EC96A4F}"
EndProject
Project("{FAE04EC0-301F-11D3-BF4B-00C04F79EFBC}") = "Objects", "Objects\Objects.csproj", "{683A1670-0E77-4AFD-8513-A062A25F0DE6}"
EndProject
Global
	GlobalSection(SolutionConfigurationPlatforms) = preSolution
		Debug|Any CPU = Debug|Any CPU
		Release|Any CPU = Release|Any CPU
	EndGlobalSection
	GlobalSection(ProjectConfigurationPlatforms) = postSolution
		{61388360-2721-469F-905D-78E47EC96A4F}.Debug|Any CPU.ActiveCfg = Debug|Any CPU
		{61388360-2721-469F-905D-78E47EC96A4F}.Debug|Any CPU.Build.0 = Debug|Any CPU
		{61388360-2721-469F-905D-78E47EC96A4F}.Release|Any CPU.ActiveCfg = Release|Any CPU
		{61388360-2721-469F-905D-78E47EC96A4F}.Release|Any CPU.Build.0 = Release|Any CPU
		{683A1670-0E77-4AFD-8513-A062A25F0DE6}.Debug|Any CPU.ActiveCfg = Debug|Any CPU
		{683A1670-0E77-4AFD-8513-A062A25F0DE6}.Debug|Any CPU.Build.0 = Debug|Any CPU
		{683A1670-0E77-4AFD-8513-A062A25F0DE6}.Release|Any CPU.ActiveCfg = Release|Any CPU
		{683A1670-0E77-4AFD-8513-A062A25F0DE6}.Release|Any CPU.Build.0 = Release|Any CPU
	EndGlobalSection
	GlobalSection(SolutionProperties) = preSolution
		HideSolutionNode = FALSE
	EndGlobalSection
EndGlobal
